
Microsoft Visual Studio Solution File, Format Version 12.00
# Visual Studio Version 16
VisualStudioVersion = 16.0.29326.143
MinimumVisualStudioVersion = 10.0.40219.1
Project("{8BC9CEB8-8B4A-11D0-8D11-00A0C91BC942}") = "WindowsProject1", "WindowsProject1\WindowsProject1.vcxproj", "{3F118FC2-3503-4684-91D1-9F8B6220EE3B}"
EndProject
Project("{8BC9CEB8-8B4A-11D0-8D11-00A0C91BC942}") = "TextOutLearn", "TextOutLearn\TextOutLearn.vcxproj", "{45D54246-F5B4-4C7C-BE2E-3EDFB8F15FD0}"
EndProject
Project("{8BC9CEB8-8B4A-11D0-8D11-00A0C91BC942}") = "MFCOLETest", "MFCOLETest\MFCOLETest.vcxproj", "{A06A63D1-E491-4509-A1E8-474155A46A1D}"
EndProject
Global
	GlobalSection(SolutionConfigurationPlatforms) = preSolution
		Debug|x64 = Debug|x64
		Debug|x86 = Debug|x86
		Release|x64 = Release|x64
		Release|x86 = Release|x86
	EndGlobalSection
	GlobalSection(ProjectConfigurationPlatforms) = postSolution
		{3F118FC2-3503-4684-91D1-9F8B6220EE3B}.Debug|x64.ActiveCfg = Debug|x64
		{3F118FC2-3503-4684-91D1-9F8B6220EE3B}.Debug|x64.Build.0 = Debug|x64
		{3F118FC2-3503-4684-91D1-9F8B6220EE3B}.Debug|x86.ActiveCfg = Debug|Win32
		{3F118FC2-3503-4684-91D1-9F8B6220EE3B}.Debug|x86.Build.0 = Debug|Win32
		{3F118FC2-3503-4684-91D1-9F8B6220EE3B}.Release|x64.ActiveCfg = Release|x64
		{3F118FC2-3503-4684-91D1-9F8B6220EE3B}.Release|x64.Build.0 = Release|x64
		{3F118FC2-3503-4684-91D1-9F8B6220EE3B}.Release|x86.ActiveCfg = Release|Win32
		{3F118FC2-3503-4684-91D1-9F8B6220EE3B}.Release|x86.Build.0 = Release|Win32
		{45D54246-F5B4-4C7C-BE2E-3EDFB8F15FD0}.Debug|x64.ActiveCfg = Debug|x64
		{45D54246-F5B4-4C7C-BE2E-3EDFB8F15FD0}.Debug|x64.Build.0 = Debug|x64
		{45D54246-F5B4-4C7C-BE2E-3EDFB8F15FD0}.Debug|x86.ActiveCfg = Debug|Win32
		{45D54246-F5B4-4C7C-BE2E-3EDFB8F15FD0}.Debug|x86.Build.0 = Debug|Win32
		{45D54246-F5B4-4C7C-BE2E-3EDFB8F15FD0}.Release|x64.ActiveCfg = Release|x64
		{45D54246-F5B4-4C7C-BE2E-3EDFB8F15FD0}.Release|x64.Build.0 = Release|x64
		{45D54246-F5B4-4C7C-BE2E-3EDFB8F15FD0}.Release|x86.ActiveCfg = Release|Win32
		{45D54246-F5B4-4C7C-BE2E-3EDFB8F15FD0}.Release|x86.Build.0 = Release|Win32
		{A06A63D1-E491-4509-A1E8-474155A46A1D}.Debug|x64.ActiveCfg = Debug|x64
		{A06A63D1-E491-4509-A1E8-474155A46A1D}.Debug|x64.Build.0 = Debug|x64
		{A06A63D1-E491-4509-A1E8-474155A46A1D}.Debug|x86.ActiveCfg = Debug|Win32
		{A06A63D1-E491-4509-A1E8-474155A46A1D}.Debug|x86.Build.0 = Debug|Win32
		{A06A63D1-E491-4509-A1E8-474155A46A1D}.Release|x64.ActiveCfg = Release|x64
		{A06A63D1-E491-4509-A1E8-474155A46A1D}.Release|x64.Build.0 = Release|x64
		{A06A63D1-E491-4509-A1E8-474155A46A1D}.Release|x86.ActiveCfg = Release|Win32
		{A06A63D1-E491-4509-A1E8-474155A46A1D}.Release|x86.Build.0 = Release|Win32
	EndGlobalSection
	GlobalSection(SolutionProperties) = preSolution
		HideSolutionNode = FALSE
	EndGlobalSection
	GlobalSection(ExtensibilityGlobals) = postSolution
		SolutionGuid = {96FCC28C-4C84-45C1-8A48-75BFFC2F9A7D}
	EndGlobalSection
EndGlobal
